
Microsoft Visual Studio Solution File, Format Version 12.00
# Visual Studio 15
VisualStudioVersion = 15.0.28010.2050
MinimumVisualStudioVersion = 10.0.40219.1
Project("{FAE04EC0-301F-11D3-BF4B-00C04F79EFBC}") = "YieldDemo", "YieldDemo\YieldDemo.csproj", "{3E84A0C9-AFCB-49BB-95EF-3A93D72AF164}"
EndProject
Global
	GlobalSection(SolutionConfigurationPlatforms) = preSolution
		Debug|Any CPU = Debug|Any CPU
		Release|Any CPU = Release|Any CPU
	EndGlobalSection
	GlobalSection(ProjectConfigurationPlatforms) = postSolution
		{3E84A0C9-AFCB-49BB-95EF-3A93D72AF164}.Debug|Any CPU.ActiveCfg = Debug|Any CPU
		{3E84A0C9-AFCB-49BB-95EF-3A93D72AF164}.Debug|Any CPU.Build.0 = Debug|Any CPU
		{3E84A0C9-AFCB-49BB-95EF-3A93D72AF164}.Release|Any CPU.ActiveCfg = Release|Any CPU
		{3E84A0C9-AFCB-49BB-95EF-3A93D72AF164}.Release|Any CPU.Build.0 = Release|Any CPU
	EndGlobalSection
	GlobalSection(SolutionProperties) = preSolution
		HideSolutionNode = FALSE
	EndGlobalSection
	GlobalSection(ExtensibilityGlobals) = postSolution
		SolutionGuid = {7FA68FC2-AF64-488C-918B-EF4E243BFD61}
	EndGlobalSection
EndGlobal
